
Microsoft Visual Studio Solution File, Format Version 12.00
# Visual Studio Version 16
VisualStudioVersion = 16.0.30225.117
MinimumVisualStudioVersion = 10.0.40219.1
Project("{FAE04EC0-301F-11D3-BF4B-00C04F79EFBC}") = "StepChat.Common", "StepChat.Common\StepChat.Common.csproj", "{FACF6E53-59B3-4B10-B797-B3AAA676A1A7}"
EndProject
Project("{FAE04EC0-301F-11D3-BF4B-00C04F79EFBC}") = "StepChat.Server", "StepChat.Server\StepChat.Server.csproj", "{ABAB0F32-CFE3-49AE-8D79-66634A19806A}"
EndProject
Project("{FAE04EC0-301F-11D3-BF4B-00C04F79EFBC}") = "StepChat.UI2_2", "StepChat.UI2_2\StepChat.UI2_2.csproj", "{F22215C9-01B9-401D-8824-C978B33854CC}"
EndProject
Project("{FAE04EC0-301F-11D3-BF4B-00C04F79EFBC}") = "StepChat.Web_2_0", "StepChat.Web_2_0\StepChat.Web_2_0.csproj", "{73820E32-BCD6-4AFF-BE14-9BB4A2310481}"
EndProject
Global
	GlobalSection(SolutionConfigurationPlatforms) = preSolution
		Debug|Any CPU = Debug|Any CPU
		Release|Any CPU = Release|Any CPU
	EndGlobalSection
	GlobalSection(ProjectConfigurationPlatforms) = postSolution
		{FACF6E53-59B3-4B10-B797-B3AAA676A1A7}.Debug|Any CPU.ActiveCfg = Debug|Any CPU
		{FACF6E53-59B3-4B10-B797-B3AAA676A1A7}.Debug|Any CPU.Build.0 = Debug|Any CPU
		{FACF6E53-59B3-4B10-B797-B3AAA676A1A7}.Release|Any CPU.ActiveCfg = Release|Any CPU
		{FACF6E53-59B3-4B10-B797-B3AAA676A1A7}.Release|Any CPU.Build.0 = Release|Any CPU
		{ABAB0F32-CFE3-49AE-8D79-66634A19806A}.Debug|Any CPU.ActiveCfg = Debug|Any CPU
		{ABAB0F32-CFE3-49AE-8D79-66634A19806A}.Debug|Any CPU.Build.0 = Debug|Any CPU
		{ABAB0F32-CFE3-49AE-8D79-66634A19806A}.Release|Any CPU.ActiveCfg = Release|Any CPU
		{ABAB0F32-CFE3-49AE-8D79-66634A19806A}.Release|Any CPU.Build.0 = Release|Any CPU
		{F22215C9-01B9-401D-8824-C978B33854CC}.Debug|Any CPU.ActiveCfg = Debug|Any CPU
		{F22215C9-01B9-401D-8824-C978B33854CC}.Debug|Any CPU.Build.0 = Debug|Any CPU
		{F22215C9-01B9-401D-8824-C978B33854CC}.Release|Any CPU.ActiveCfg = Release|Any CPU
		{F22215C9-01B9-401D-8824-C978B33854CC}.Release|Any CPU.Build.0 = Release|Any CPU
		{73820E32-BCD6-4AFF-BE14-9BB4A2310481}.Debug|Any CPU.ActiveCfg = Debug|Any CPU
		{73820E32-BCD6-4AFF-BE14-9BB4A2310481}.Debug|Any CPU.Build.0 = Debug|Any CPU
		{73820E32-BCD6-4AFF-BE14-9BB4A2310481}.Release|Any CPU.ActiveCfg = Release|Any CPU
		{73820E32-BCD6-4AFF-BE14-9BB4A2310481}.Release|Any CPU.Build.0 = Release|Any CPU
	EndGlobalSection
	GlobalSection(SolutionProperties) = preSolution
		HideSolutionNode = FALSE
	EndGlobalSection
	GlobalSection(ExtensibilityGlobals) = postSolution
		SolutionGuid = {281FBD76-24AB-4F98-A7F4-8C6A53552EFA}
	EndGlobalSection
EndGlobal
